<?xml version="1.0" encoding="utf-8"?>
<Project ToolsVersion="4.0" xmlns="http://schemas.microsoft.com/developer/msbuild/2003">
  <ItemGroup>
    <Filter Include="Source Files">
      <UniqueIdentifier>{4FC737F1-C7A5-4376-A066-2A32D752A2FF}</UniqueIdentifier>
      <Extensions>cpp;c;cc;cxx;def;odl;idl;hpj;bat;asm;asmx</Extensions>
    </Filter>
    <Filter Include="Header Files">
      <UniqueIdentifier>{93995380-89BD-4b04-88EB-625FBE52EBFB}</UniqueIdentifier>
      <Extensions>h;hh;hpp;hxx;hm;inl;inc;xsd</Extensions>
    </Filter>
    <Filter Include="Resource Files">
      <UniqueIdentifier>{67DA6AB6-F800-4c08-8B7A-83BB121AAD01}</UniqueIdentifier>
      <Extensions>rc;ico;cur;bmp;dlg;rc2;rct;bin;rgs;gif;jpg;jpeg;jpe;resx;tiff;tif;png;wav</Extensions>
    </Filter>
    <Filter Include="Resource Files\Framework">
      <UniqueIdentifier>{3ff05168-3077-49e5-89ad-f16308747c07}</UniqueIdentifier>
    </Filter>
    <Filter Include="Resource Files\Sort">
      <UniqueIdentifier>{074a2f99-066c-42e1-9f31-9f5d0d2cb4cc}</UniqueIdentifier>
    </Filter>
    <Filter Include="Resource Files\Vector">
      <UniqueIdentifier>{e5e16ede-36d3-4323-9268-6071d73c9115}</UniqueIdentifier>
    </Filter>
    <Filter Include="Resource Files\Search">
      <UniqueIdentifier>{487a63fd-2e9f-4eb5-b688-2d39b0c1bc78}</UniqueIdentifier>
    </Filter>
    <Filter Include="Resource Files\List">
      <UniqueIdentifier>{77720ec9-d5ac-4fc7-8655-8f7902eaab74}</UniqueIdentifier>
    </Filter>
    <Filter Include="Resource Files\Stack">
      <UniqueIdentifier>{ca522a3b-cef2-44c2-a9dd-d7f705e2d981}</UniqueIdentifier>
    </Filter>
    <Filter Include="Source Files\Framework">
      <UniqueIdentifier>{402d6cd5-b44e-4b6e-8fa9-a4c14f2ccbaf}</UniqueIdentifier>
    </Filter>
    <Filter Include="Source Files\Vector">
      <UniqueIdentifier>{43ea09cf-6eaf-48fa-bbf3-05618481ffd6}</UniqueIdentifier>
    </Filter>
    <Filter Include="Source Files\List">
      <UniqueIdentifier>{93447142-024c-4011-9d03-740ae148becf}</UniqueIdentifier>
    </Filter>
    <Filter Include="Source Files\Stack">
      <UniqueIdentifier>{1dc5e1db-e577-4d10-b114-14c094e4d263}</UniqueIdentifier>
    </Filter>
    <Filter Include="Resource Files\Queue">
      <UniqueIdentifier>{ed973d9f-74b5-42b4-a785-eeb8aae3de7e}</UniqueIdentifier>
    </Filter>
    <Filter Include="Source Files\Queue">
      <UniqueIdentifier>{7606051b-ae5f-4c88-b47b-905be4fcfb14}</UniqueIdentifier>
    </Filter>
    <Filter Include="Resource Files\Matrix">
      <UniqueIdentifier>{41bfd719-debb-4940-abc5-6488ab0ee88a}</UniqueIdentifier>
    </Filter>
    <Filter Include="Resource Files\BinaryTree">
      <UniqueIdentifier>{4e1791e1-2066-4680-a098-d0013e64c6a8}</UniqueIdentifier>
    </Filter>
    <Filter Include="Source Files\BinaryTree">
      <UniqueIdentifier>{ea1eff47-794c-4963-a6c6-9d819c13cc28}</UniqueIdentifier>
    </Filter>
    <Filter Include="Source Files\Matrix">
      <UniqueIdentifier>{5de148bc-dd4c-4cb5-8fad-f3a1f36f6a48}</UniqueIdentifier>
    </Filter>
    <Filter Include="Resource Files\Tree">
      <UniqueIdentifier>{7aa9e51b-c3b5-4b0e-8597-5f631a892bcb}</UniqueIdentifier>
    </Filter>
    <Filter Include="Source Files\Tree">
      <UniqueIdentifier>{9c53dffc-9c9d-45d2-8a14-452f12e9bdcc}</UniqueIdentifier>
    </Filter>
    <Filter Include="Resource Files\PriorityQueue">
      <UniqueIdentifier>{8a75db85-17ff-4cbe-967c-bb0be53ce946}</UniqueIdentifier>
    </Filter>
    <Filter Include="Source Files\PriorityQueue">
      <UniqueIdentifier>{1cb56805-1cd2-4cfe-a092-201bf0231871}</UniqueIdentifier>
    </Filter>
    <Filter Include="Resource Files\BinarySearchTree">
      <UniqueIdentifier>{090e9c8e-e305-4229-afe5-9b914aff5278}</UniqueIdentifier>
    </Filter>
  </ItemGroup>
  <ItemGroup>
    <ClCompile Include="modules\Framework\Algorithm.ixx">
      <Filter>Resource Files\Framework</Filter>
    </ClCompile>
    <ClCompile Include="modules\Framework\DataStructure.ixx">
      <Filter>Resource Files\Framework</Filter>
    </ClCompile>
    <ClCompile Include="modules\framework\Framework.ixx">
      <Filter>Resource Files\Framework</Filter>
    </ClCompile>
    <ClCompile Include="modules\framework\Object.ixx">
      <Filter>Resource Files\Framework</Filter>
    </ClCompile>
    <ClCompile Include="modules\Framework\TestFramework.ixx">
      <Filter>Resource Files\Framework</Filter>
    </ClCompile>
    <ClCompile Include="modules\Sort\AbstractSort.ixx">
      <Filter>Resource Files\Sort</Filter>
    </ClCompile>
    <ClCompile Include="modules\Sort\MergeSort.ixx">
      <Filter>Resource Files\Sort</Filter>
    </ClCompile>
    <ClCompile Include="modules\Sort\Sort.ixx">
      <Filter>Resource Files\Sort</Filter>
    </ClCompile>
    <ClCompile Include="modules\Vector\AbstractVector.ixx">
      <Filter>Resource Files\Vector</Filter>
    </ClCompile>
    <ClCompile Include="modules\Vector\Vector.ixx">
      <Filter>Resource Files\Vector</Filter>
    </ClCompile>
    <ClCompile Include="modules\Vector\VectorAllocator\VectorAllocator.ixx">
      <Filter>Resource Files\Vector</Filter>
    </ClCompile>
    <ClCompile Include="modules\Vector\VectorIterator.ixx">
      <Filter>Resource Files\Vector</Filter>
    </ClCompile>
    <ClCompile Include="modules\Search\AbstractSearch.ixx">
      <Filter>Resource Files\Search</Filter>
    </ClCompile>
    <ClCompile Include="modules\Search\BinarySearch.ixx">
      <Filter>Resource Files\Search</Filter>
    </ClCompile>
    <ClCompile Include="modules\Search\Search.ixx">
      <Filter>Resource Files\Search</Filter>
    </ClCompile>
    <ClCompile Include="modules\Framework\Utility\Factorial.ixx">
      <Filter>Resource Files\Framework</Filter>
    </ClCompile>
    <ClCompile Include="modules\Framework\Utility\Gcd.ixx">
      <Filter>Resource Files\Framework</Filter>
    </ClCompile>
    <ClCompile Include="modules\Framework\Utility\Power.ixx">
      <Filter>Resource Files\Framework</Filter>
    </ClCompile>
    <ClCompile Include="modules\Sort\ListMergeSort.ixx">
      <Filter>Resource Files\Sort</Filter>
    </ClCompile>
    <ClCompile Include="modules\Vector\VectorAllocator\AbstractVectorAllocator.ixx">
      <Filter>Resource Files\Vector</Filter>
    </ClCompile>
    <ClCompile Include="modules\Vector\LinearList\AbstractLinearList.ixx">
      <Filter>Resource Files\Vector</Filter>
    </ClCompile>
    <ClCompile Include="modules\Vector\LinearList\LinearList.ixx">
      <Filter>Resource Files\Vector</Filter>
    </ClCompile>
    <ClCompile Include="modules\List\ForwardList\AbstractForwardList.ixx">
      <Filter>Resource Files\List</Filter>
    </ClCompile>
    <ClCompile Include="modules\List\ForwardList\ForwardList.ixx">
      <Filter>Resource Files\List</Filter>
    </ClCompile>
    <ClCompile Include="modules\List\ForwardList\ForwardListIterator.ixx">
      <Filter>Resource Files\List</Filter>
    </ClCompile>
    <ClCompile Include="modules\List\ForwardList\ForwardListNode.ixx">
      <Filter>Resource Files\List</Filter>
    </ClCompile>
    <ClCompile Include="modules\List\AbstractList.ixx">
      <Filter>Resource Files\List</Filter>
    </ClCompile>
    <ClCompile Include="modules\List\List.ixx">
      <Filter>Resource Files\List</Filter>
    </ClCompile>
    <ClCompile Include="modules\List\ListNode.ixx">
      <Filter>Resource Files\List</Filter>
    </ClCompile>
    <ClCompile Include="modules\List\ListIterator.ixx">
      <Filter>Resource Files\List</Filter>
    </ClCompile>
    <ClCompile Include="modules\List\StaticList\AbstractStaticList.ixx">
      <Filter>Resource Files\List</Filter>
    </ClCompile>
    <ClCompile Include="modules\List\StaticList\StaticListNode.ixx">
      <Filter>Resource Files\List</Filter>
    </ClCompile>
    <ClCompile Include="modules\List\StaticList\StaticListIterator.ixx">
      <Filter>Resource Files\List</Filter>
    </ClCompile>
    <ClCompile Include="modules\List\StaticList\StaticList.ixx">
      <Filter>Resource Files\List</Filter>
    </ClCompile>
    <ClCompile Include="modules\Stack\AbstractStack.ixx">
      <Filter>Resource Files\Stack</Filter>
    </ClCompile>
    <ClCompile Include="modules\Stack\Stack.ixx">
      <Filter>Resource Files\Stack</Filter>
    </ClCompile>
    <ClCompile Include="modules\Stack\RandomStackOperation.ixx">
      <Filter>Resource Files\Stack</Filter>
    </ClCompile>
    <ClCompile Include="modules\Stack\Expression\AbstractExpressionElement.ixx">
      <Filter>Resource Files\Stack</Filter>
    </ClCompile>
    <ClCompile Include="modules\Stack\Expression\ExpressionElement.ixx">
      <Filter>Resource Files\Stack</Filter>
    </ClCompile>
    <ClCompile Include="modules\Stack\Expression\Expression.ixx">
      <Filter>Resource Files\Stack</Filter>
    </ClCompile>
    <ClCompile Include="modules\Framework\Utility\Combine.ixx">
      <Filter>Resource Files\Framework</Filter>
    </ClCompile>
    <ClCompile Include="modules\Stack\SharedStack.ixx">
      <Filter>Resource Files\Stack</Filter>
    </ClCompile>
    <ClCompile Include="labs\Framework\ArraySum.cpp">
      <Filter>Source Files\Framework</Filter>
    </ClCompile>
    <ClCompile Include="labs\Framework\ComplexityIntegral.cpp">
      <Filter>Source Files\Framework</Filter>
    </ClCompile>
    <ClCompile Include="labs\Framework\Gcd.cpp">
      <Filter>Source Files\Framework</Filter>
    </ClCompile>
    <ClCompile Include="labs\Framework\IsPower2.cpp">
      <Filter>Source Files\Framework</Filter>
    </ClCompile>
    <ClCompile Include="labs\Framework\Power.cpp">
      <Filter>Source Files\Framework</Filter>
    </ClCompile>
    <ClCompile Include="labs\Framework\Sum.cpp">
      <Filter>Source Files\Framework</Filter>
    </ClCompile>
    <ClCompile Include="labs\Framework\ZeroPoint.cpp">
      <Filter>Source Files\Framework</Filter>
    </ClCompile>
    <ClCompile Include="labs\Vector\CyclicShift.cpp">
      <Filter>Source Files\Vector</Filter>
    </ClCompile>
    <ClCompile Include="labs\Vector\Shuffle.cpp">
      <Filter>Source Files\Vector</Filter>
    </ClCompile>
    <ClCompile Include="labs\Vector\VectorConcat.cpp">
      <Filter>Source Files\Vector</Filter>
    </ClCompile>
    <ClCompile Include="labs\Vector\VectorInsert.cpp">
      <Filter>Source Files\Vector</Filter>
    </ClCompile>
    <ClCompile Include="labs\Vector\VectorRemove.cpp">
      <Filter>Source Files\Vector</Filter>
    </ClCompile>
    <ClCompile Include="labs\Vector\VectorSearch.cpp">
      <Filter>Source Files\Vector</Filter>
    </ClCompile>
    <ClCompile Include="labs\Vector\VectorUnique.cpp">
      <Filter>Source Files\Vector</Filter>
    </ClCompile>
    <ClCompile Include="labs\List\ListInsert.cpp">
      <Filter>Source Files\List</Filter>
    </ClCompile>
    <ClCompile Include="labs\List\ListMergeSort.cpp">
      <Filter>Source Files\List</Filter>
    </ClCompile>
    <ClCompile Include="labs\List\ListRemove.cpp">
      <Filter>Source Files\List</Filter>
    </ClCompile>
    <ClCompile Include="labs\Stack\Combine.cpp">
      <Filter>Source Files\Stack</Filter>
    </ClCompile>
    <ClCompile Include="labs\Stack\Expression.cpp">
      <Filter>Source Files\Stack</Filter>
    </ClCompile>
    <ClCompile Include="labs\Stack\Generate4.cpp">
      <Filter>Source Files\Stack</Filter>
    </ClCompile>
    <ClCompile Include="labs\Stack\ParenMatch.cpp">
      <Filter>Source Files\Stack</Filter>
    </ClCompile>
    <ClCompile Include="modules\Queue\AbstractQueue.ixx">
      <Filter>Resource Files\Queue</Filter>
    </ClCompile>
    <ClCompile Include="modules\Queue\Queue.ixx">
      <Filter>Resource Files\Queue</Filter>
    </ClCompile>
    <ClCompile Include="modules\Queue\CircularQueue.ixx">
      <Filter>Resource Files\Queue</Filter>
    </ClCompile>
    <ClCompile Include="modules\Queue\LinkedQueue.ixx">
      <Filter>Resource Files\Queue</Filter>
    </ClCompile>
    <ClCompile Include="modules\Queue\AbstractDeque.ixx">
      <Filter>Resource Files\Queue</Filter>
    </ClCompile>
    <ClCompile Include="modules\Queue\LinkedDeque.ixx">
      <Filter>Resource Files\Queue</Filter>
    </ClCompile>
    <ClCompile Include="modules\Queue\CircularDeque.ixx">
      <Filter>Resource Files\Queue</Filter>
    </ClCompile>
    <ClCompile Include="modules\Queue\Deque.ixx">
      <Filter>Resource Files\Queue</Filter>
    </ClCompile>
    <ClCompile Include="modules\Matrix\AbstractMatrix.ixx">
      <Filter>Resource Files\Matrix</Filter>
    </ClCompile>
    <ClCompile Include="modules\Matrix\Matrix.ixx">
      <Filter>Resource Files\Matrix</Filter>
    </ClCompile>
    <ClCompile Include="modules\Matrix\RowMajorMatrix.ixx">
      <Filter>Resource Files\Matrix</Filter>
    </ClCompile>
    <ClCompile Include="modules\Matrix\ColumnMajorMatrix.ixx">
      <Filter>Resource Files\Matrix</Filter>
    </ClCompile>
    <ClCompile Include="modules\Matrix\AbstractCompressedMatrix.ixx">
      <Filter>Resource Files\Matrix</Filter>
    </ClCompile>
    <ClCompile Include="modules\Matrix\SymmetricMatrix.ixx">
      <Filter>Resource Files\Matrix</Filter>
    </ClCompile>
    <ClCompile Include="modules\Matrix\TriangularMatrix.ixx">
      <Filter>Resource Files\Matrix</Filter>
    </ClCompile>
    <ClCompile Include="modules\Matrix\TridiagonalMatrix.ixx">
      <Filter>Resource Files\Matrix</Filter>
    </ClCompile>
    <ClCompile Include="modules\Matrix\TripleMatrix.ixx">
      <Filter>Resource Files\Matrix</Filter>
    </ClCompile>
    <ClCompile Include="modules\Matrix\Triple.ixx">
      <Filter>Resource Files\Matrix</Filter>
    </ClCompile>
    <ClCompile Include="labs\Vector\VectorMergeSort.cpp">
      <Filter>Source Files\Vector</Filter>
    </ClCompile>
    <ClCompile Include="modules\BinaryTree\AbstractBinaryTree.ixx">
      <Filter>Resource Files\BinaryTree</Filter>
    </ClCompile>
    <ClCompile Include="modules\BinaryTree\BinaryTree.ixx">
      <Filter>Resource Files\BinaryTree</Filter>
    </ClCompile>
    <ClCompile Include="modules\BinaryTree\BinaryTreeInOrderIterate.ixx">
      <Filter>Resource Files\BinaryTree</Filter>
    </ClCompile>
    <ClCompile Include="modules\BinaryTree\BinaryTreeInOrderTraverse.ixx">
      <Filter>Resource Files\BinaryTree</Filter>
    </ClCompile>
    <ClCompile Include="modules\BinaryTree\BinaryTreeIterator.ixx">
      <Filter>Resource Files\BinaryTree</Filter>
    </ClCompile>
    <ClCompile Include="modules\BinaryTree\BinaryTreeNode.ixx">
      <Filter>Resource Files\BinaryTree</Filter>
    </ClCompile>
    <ClCompile Include="modules\BinaryTree\BinaryTreePostOrderTraverse.ixx">
      <Filter>Resource Files\BinaryTree</Filter>
    </ClCompile>
    <ClCompile Include="modules\BinaryTree\BinaryTreePreOrderIterate.ixx">
      <Filter>Resource Files\BinaryTree</Filter>
    </ClCompile>
    <ClCompile Include="modules\BinaryTree\BinaryTreePreOrderTraverse.ixx">
      <Filter>Resource Files\BinaryTree</Filter>
    </ClCompile>
    <ClCompile Include="modules\BinaryTree\BinaryTreeTraverse.ixx">
      <Filter>Resource Files\BinaryTree</Filter>
    </ClCompile>
    <ClCompile Include="labs\BinaryTree\Rebuild.cpp">
      <Filter>Source Files\BinaryTree</Filter>
    </ClCompile>
    <ClCompile Include="modules\BinaryTree\BinaryTreePostOrderIterate.ixx">
      <Filter>Resource Files\BinaryTree</Filter>
    </ClCompile>
    <ClCompile Include="modules\List\CircularList\AbstractCircularList.ixx">
      <Filter>Resource Files\List</Filter>
    </ClCompile>
    <ClCompile Include="modules\List\CircularList\CircularList.ixx">
      <Filter>Resource Files\List</Filter>
    </ClCompile>
    <ClCompile Include="labs\List\CircularListIterate.cpp">
      <Filter>Source Files\List</Filter>
    </ClCompile>
    <ClCompile Include="labs\Vector\VectorTest.cpp">
      <Filter>Source Files\Vector</Filter>
    </ClCompile>
    <ClCompile Include="modules\Framework\StructureTestFramework.ixx">
      <Filter>Resource Files\Framework</Filter>
    </ClCompile>
    <ClCompile Include="labs\List\ListTest.cpp">
      <Filter>Source Files\List</Filter>
    </ClCompile>
    <ClCompile Include="labs\List\ForwardListTest.cpp">
      <Filter>Source Files\List</Filter>
    </ClCompile>
    <ClCompile Include="labs\List\StaticListTest.cpp">
      <Filter>Source Files\List</Filter>
    </ClCompile>
    <ClCompile Include="labs\List\CircularListTest.cpp">
      <Filter>Source Files\List</Filter>
    </ClCompile>
    <ClCompile Include="modules\Stack\MinStack.ixx">
      <Filter>Resource Files\Stack</Filter>
    </ClCompile>
    <ClCompile Include="labs\Stack\Generate4Sum.cpp">
      <Filter>Source Files\Stack</Filter>
    </ClCompile>
    <ClCompile Include="labs\Stack\StackTest.cpp">
      <Filter>Source Files\Stack</Filter>
    </ClCompile>
    <ClCompile Include="labs\Stack\SharedStackTest.cpp">
      <Filter>Source Files\Stack</Filter>
    </ClCompile>
    <ClCompile Include="labs\Stack\MinStackTest.cpp">
      <Filter>Source Files\Stack</Filter>
    </ClCompile>
    <ClCompile Include="modules\BinaryTree\BinaryTreeLevelOrderTraverse.ixx">
      <Filter>Resource Files\BinaryTree</Filter>
    </ClCompile>
    <ClCompile Include="modules\Sort\InsertionSort.ixx">
      <Filter>Resource Files\Sort</Filter>
    </ClCompile>
    <ClCompile Include="modules\Sort\TimSort.ixx">
      <Filter>Resource Files\Sort</Filter>
    </ClCompile>
    <ClCompile Include="labs\List\ListReverse.cpp">
      <Filter>Source Files\List</Filter>
    </ClCompile>
    <ClCompile Include="modules\Queue\StackQueue.ixx">
      <Filter>Resource Files\Queue</Filter>
    </ClCompile>
    <ClCompile Include="labs\Queue\QueueTest.cpp">
      <Filter>Source Files\Queue</Filter>
    </ClCompile>
    <ClCompile Include="labs\Matrix\NaiveMatrixMultiply.cpp">
      <Filter>Source Files\Matrix</Filter>
    </ClCompile>
    <ClCompile Include="labs\Queue\QueueEvaluation.cpp">
      <Filter>Source Files\Queue</Filter>
    </ClCompile>
    <ClCompile Include="labs\Matrix\MatrixMultiply.cpp">
      <Filter>Source Files\Matrix</Filter>
    </ClCompile>
    <ClCompile Include="labs\Matrix\MatrixTest.cpp">
      <Filter>Source Files\Matrix</Filter>
    </ClCompile>
    <ClCompile Include="modules\Framework\PointerProxy.ixx">
      <Filter>Resource Files\Framework</Filter>
    </ClCompile>
    <ClCompile Include="modules\Tree\TreeNode.ixx">
      <Filter>Resource Files\Tree</Filter>
    </ClCompile>
    <ClCompile Include="modules\Tree\AbstractTree.ixx">
      <Filter>Resource Files\Tree</Filter>
    </ClCompile>
    <ClCompile Include="modules\Tree\Tree.ixx">
      <Filter>Resource Files\Tree</Filter>
    </ClCompile>
    <ClCompile Include="modules\Tree\AbstractTreeTraverse.ixx">
      <Filter>Resource Files\Tree</Filter>
    </ClCompile>
    <ClCompile Include="modules\Tree\TreePreOrderTraverse.ixx">
      <Filter>Resource Files\Tree</Filter>
    </ClCompile>
    <ClCompile Include="modules\Tree\TreeLevelOrderTraverse.ixx">
      <Filter>Resource Files\Tree</Filter>
    </ClCompile>
    <ClCompile Include="labs\Tree\TreeTest.cpp">
      <Filter>Source Files\Tree</Filter>
    </ClCompile>
    <ClCompile Include="modules\Tree\TreePostOrderTraverse.ixx">
      <Filter>Resource Files\Tree</Filter>
    </ClCompile>
    <ClCompile Include="modules\Tree\TreeTraverse.ixx">
      <Filter>Resource Files\Tree</Filter>
    </ClCompile>
    <ClCompile Include="labs\Tree\ChainFlower.cpp">
      <Filter>Source Files\Tree</Filter>
    </ClCompile>
    <ClCompile Include="labs\Tree\Stack2Tree.cpp">
      <Filter>Source Files\Tree</Filter>
    </ClCompile>
    <ClCompile Include="modules\BinaryTree\AbstractBinaryTreeTraverse.ixx">
      <Filter>Resource Files\BinaryTree</Filter>
    </ClCompile>
    <ClCompile Include="modules\BinaryTree\AbstractBinaryTreeIterate.ixx">
      <Filter>Resource Files\BinaryTree</Filter>
    </ClCompile>
    <ClCompile Include="modules\Tree\RandomTree.ixx">
      <Filter>Resource Files\Tree</Filter>
    </ClCompile>
    <ClCompile Include="modules\BinaryTree\BinaryTreeIterativeTraverse.ixx">
      <Filter>Resource Files\BinaryTree</Filter>
    </ClCompile>
    <ClCompile Include="labs\BinaryTree\BinaryTreeTest.cpp">
      <Filter>Source Files\BinaryTree</Filter>
    </ClCompile>
    <ClCompile Include="modules\BinaryTree\RandomBinaryTree.ixx">
      <Filter>Resource Files\BinaryTree</Filter>
    </ClCompile>
    <ClCompile Include="modules\BinaryTree\ThreadedBinaryTree\ThreadedBinaryTreeNode.ixx">
      <Filter>Resource Files\BinaryTree</Filter>
    </ClCompile>
    <ClCompile Include="modules\BinaryTree\ThreadedBinaryTree\AbstractThreadedBinaryTree.ixx">
      <Filter>Resource Files\BinaryTree</Filter>
    </ClCompile>
    <ClCompile Include="labs\PriorityQueue\VectorPriorityQueue.cpp">
      <Filter>Source Files\PriorityQueue</Filter>
    </ClCompile>
    <ClCompile Include="modules\PriorityQueue\AbstractPriorityQueue.ixx">
      <Filter>Resource Files\PriorityQueue</Filter>
    </ClCompile>
    <ClCompile Include="modules\Sort\SelectionSort.ixx">
      <Filter>Resource Files\Sort</Filter>
    </ClCompile>
    <ClCompile Include="labs\PriorityQueue\SelectionSort.cpp">
      <Filter>Source Files\PriorityQueue</Filter>
    </ClCompile>
    <ClCompile Include="labs\PriorityQueue\InsertionSort.cpp">
      <Filter>Source Files\PriorityQueue</Filter>
    </ClCompile>
    <ClCompile Include="labs\PriorityQueue\ListSelectInsertSort.cpp">
      <Filter>Source Files\PriorityQueue</Filter>
    </ClCompile>
    <ClCompile Include="modules\PriorityQueue\WinnerTree.ixx">
      <Filter>Resource Files\PriorityQueue</Filter>
    </ClCompile>
    <ClCompile Include="labs\PriorityQueue\PriorityQueueTest.cpp">
      <Filter>Source Files\PriorityQueue</Filter>
    </ClCompile>
    <ClCompile Include="modules\PriorityQueue\PriorityQueue.ixx">
      <Filter>Resource Files\PriorityQueue</Filter>
    </ClCompile>
    <ClCompile Include="modules\PriorityQueue\Heap.ixx">
      <Filter>Resource Files\PriorityQueue</Filter>
    </ClCompile>
    <ClCompile Include="labs\PriorityQueue\BuildWinnerTree.cpp">
      <Filter>Source Files\PriorityQueue</Filter>
    </ClCompile>
    <ClCompile Include="modules\Sort\TournamentSort.ixx">
      <Filter>Resource Files\Sort</Filter>
    </ClCompile>
    <ClCompile Include="modules\Sort\HeapSort.ixx">
      <Filter>Resource Files\Sort</Filter>
    </ClCompile>
    <ClCompile Include="modules\Stack\Expression\ExpressionTree.ixx">
      <Filter>Resource Files\Stack</Filter>
    </ClCompile>
    <ClCompile Include="modules\BinaryTree\HuffmanTree\HuffmanTree.ixx">
      <Filter>Resource Files\BinaryTree</Filter>
    </ClCompile>
    <ClCompile Include="modules\BinaryTree\HuffmanTree\EncodingTree.ixx">
      <Filter>Resource Files\BinaryTree</Filter>
    </ClCompile>
    <ClCompile Include="modules\Tree\DisjointSet\DisjointSetFind.ixx">
      <Filter>Resource Files\Tree</Filter>
    </ClCompile>
    <ClCompile Include="modules\Tree\DisjointSet\DisjointSet.ixx">
      <Filter>Resource Files\Tree</Filter>
    </ClCompile>
    <ClCompile Include="modules\Tree\DisjointSet\DisjointSetUnion.ixx">
      <Filter>Resource Files\Tree</Filter>
    </ClCompile>
    <ClCompile Include="modules\BinarySearchTree\AbstractBinarySearchTree.ixx">
      <Filter>Resource Files\BinarySearchTree</Filter>
    </ClCompile>
    <ClCompile Include="modules\BinarySearchTree\BinarySearchTree.ixx">
      <Filter>Resource Files\BinarySearchTree</Filter>
    </ClCompile>
    <ClCompile Include="modules\PriorityQueue\LeftistHeap.ixx">
      <Filter>Resource Files\PriorityQueue</Filter>
    </ClCompile>
  </ItemGroup>
</Project>